
Microsoft Visual Studio Solution File, Format Version 12.00
# Visual Studio Version 17
VisualStudioVersion = 17.1.32228.430
MinimumVisualStudioVersion = 10.0.40219.1
Project("{9A19103F-16F7-4668-BE54-9A1E7A4F7556}") = "lab0", "labs\lab_00\lab0.csproj", "{A4E0AA98-E3D8-4A85-A7C9-FB50D01D38F6}"
EndProject
Project("{9A19103F-16F7-4668-BE54-9A1E7A4F7556}") = "lab1", "labs\lab_01\lab1.csproj", "{03DD63D1-AEF7-42CB-AF5F-70958DEF48BB}"
EndProject
Project("{FAE04EC0-301F-11D3-BF4B-00C04F79EFBC}") = "Board", "labs\lab_01\Board\Board.csproj", "{71DD1846-D05F-450C-8D98-D0CA7102FF02}"
EndProject
Global
	GlobalSection(SolutionConfigurationPlatforms) = preSolution
		Debug|Any CPU = Debug|Any CPU
		Release|Any CPU = Release|Any CPU
	EndGlobalSection
	GlobalSection(ProjectConfigurationPlatforms) = postSolution
		{A4E0AA98-E3D8-4A85-A7C9-FB50D01D38F6}.Debug|Any CPU.ActiveCfg = Debug|Any CPU
		{A4E0AA98-E3D8-4A85-A7C9-FB50D01D38F6}.Debug|Any CPU.Build.0 = Debug|Any CPU
		{A4E0AA98-E3D8-4A85-A7C9-FB50D01D38F6}.Release|Any CPU.ActiveCfg = Release|Any CPU
		{A4E0AA98-E3D8-4A85-A7C9-FB50D01D38F6}.Release|Any CPU.Build.0 = Release|Any CPU
		{03DD63D1-AEF7-42CB-AF5F-70958DEF48BB}.Debug|Any CPU.ActiveCfg = Debug|Any CPU
		{03DD63D1-AEF7-42CB-AF5F-70958DEF48BB}.Debug|Any CPU.Build.0 = Debug|Any CPU
		{03DD63D1-AEF7-42CB-AF5F-70958DEF48BB}.Release|Any CPU.ActiveCfg = Release|Any CPU
		{03DD63D1-AEF7-42CB-AF5F-70958DEF48BB}.Release|Any CPU.Build.0 = Release|Any CPU
		{71DD1846-D05F-450C-8D98-D0CA7102FF02}.Debug|Any CPU.ActiveCfg = Debug|Any CPU
		{71DD1846-D05F-450C-8D98-D0CA7102FF02}.Debug|Any CPU.Build.0 = Debug|Any CPU
		{71DD1846-D05F-450C-8D98-D0CA7102FF02}.Release|Any CPU.ActiveCfg = Release|Any CPU
		{71DD1846-D05F-450C-8D98-D0CA7102FF02}.Release|Any CPU.Build.0 = Release|Any CPU
	EndGlobalSection
	GlobalSection(SolutionProperties) = preSolution
		HideSolutionNode = FALSE
	EndGlobalSection
	GlobalSection(ExtensibilityGlobals) = postSolution
		SolutionGuid = {90A88492-FA55-470C-B7EA-681DC8C1A6E8}
	EndGlobalSection
EndGlobal
